// !$*UTF8*$!
{
	archiveVersion = 1;
	classes = {
	};
	objectVersion = 46;
	objects = {

/* Begin PBXBuildFile section */
		674363DB1D0E7D0B00AC4D5A /* AppDelegate.swift in Sources */ = {isa = PBXBuildFile; fileRef = 674363DA1D0E7D0B00AC4D5A /* AppDelegate.swift */; };
		674363DD1D0E7D0B00AC4D5A /* ViewController.swift in Sources */ = {isa = PBXBuildFile; fileRef = 674363DC1D0E7D0B00AC4D5A /* ViewController.swift */; };
		674363E01D0E7D0B00AC4D5A /* Main.storyboard in Resources */ = {isa = PBXBuildFile; fileRef = 674363DE1D0E7D0B00AC4D5A /* Main.storyboard */; };
		674363E31D0E7D0B00AC4D5A /* Algo.xcdatamodeld in Sources */ = {isa = PBXBuildFile; fileRef = 674363E11D0E7D0B00AC4D5A /* Algo.xcdatamodeld */; };
		674363E51D0E7D0B00AC4D5A /* Assets.xcassets in Resources */ = {isa = PBXBuildFile; fileRef = 674363E41D0E7D0B00AC4D5A /* Assets.xcassets */; };
		674363E81D0E7D0B00AC4D5A /* LaunchScreen.storyboard in Resources */ = {isa = PBXBuildFile; fileRef = 674363E61D0E7D0B00AC4D5A /* LaunchScreen.storyboard */; };
		674363F31D0E7D0B00AC4D5A /* AlgoTests.swift in Sources */ = {isa = PBXBuildFile; fileRef = 674363F21D0E7D0B00AC4D5A /* AlgoTests.swift */; };
		674363FE1D0E7D0B00AC4D5A /* AlgoUITests.swift in Sources */ = {isa = PBXBuildFile; fileRef = 674363FD1D0E7D0B00AC4D5A /* AlgoUITests.swift */; };
/* End PBXBuildFile section */

/* Begin PBXContainerItemProxy section */
		674363EF1D0E7D0B00AC4D5A /* PBXContainerItemProxy */ = {
			isa = PBXContainerItemProxy;
			containerPortal = 674363CF1D0E7D0B00AC4D5A /* Project object */;
			proxyType = 1;
			remoteGlobalIDString = 674363D61D0E7D0B00AC4D5A;
			remoteInfo = Algo;
		};
		674363FA1D0E7D0B00AC4D5A /* PBXContainerItemProxy */ = {
			isa = PBXContainerItemProxy;
			containerPortal = 674363CF1D0E7D0B00AC4D5A /* Project object */;
			proxyType = 1;
			remoteGlobalIDString = 674363D61D0E7D0B00AC4D5A;
			remoteInfo = Algo;
		};
/* End PBXContainerItemProxy section */

/* Begin PBXFileReference section */
		674363D71D0E7D0B00AC4D5A /* Algo.app */ = {isa = PBXFileReference; explicitFileType = wrapper.application; includeInIndex = 0; path = Algo.app; sourceTree = BUILT_PRODUCTS_DIR; };
		674363DA1D0E7D0B00AC4D5A /* AppDelegate.swift */ = {isa = PBXFileReference; lastKnownFileType = sourcecode.swift; path = AppDelegate.swift; sourceTree = "<group>"; };
		674363DC1D0E7D0B00AC4D5A /* ViewController.swift */ = {isa = PBXFileReference; lastKnownFileType = sourcecode.swift; path = ViewController.swift; sourceTree = "<group>"; };
		674363DF1D0E7D0B00AC4D5A /* Base */ = {isa = PBXFileReference; lastKnownFileType = file.storyboard; name = Base; path = Base.lproj/Main.storyboard; sourceTree = "<group>"; };
		674363E21D0E7D0B00AC4D5A /* Algo.xcdatamodel */ = {isa = PBXFileReference; lastKnownFileType = wrapper.xcdatamodel; path = Algo.xcdatamodel; sourceTree = "<group>"; };
		674363E41D0E7D0B00AC4D5A /* Assets.xcassets */ = {isa = PBXFileReference; lastKnownFileType = folder.assetcatalog; path = Assets.xcassets; sourceTree = "<group>"; };
		674363E71D0E7D0B00AC4D5A /* Base */ = {isa = PBXFileReference; lastKnownFileType = file.storyboard; name = Base; path = Base.lproj/LaunchScreen.storyboard; sourceTree = "<group>"; };
		674363E91D0E7D0B00AC4D5A /* Info.plist */ = {isa = PBXFileReference; lastKnownFileType = text.plist.xml; path = Info.plist; sourceTree = "<group>"; };
		674363EE1D0E7D0B00AC4D5A /* AlgoTests.xctest */ = {isa = PBXFileReference; explicitFileType = wrapper.cfbundle; includeInIndex = 0; path = AlgoTests.xctest; sourceTree = BUILT_PRODUCTS_DIR; };
		674363F21D0E7D0B00AC4D5A /* AlgoTests.swift */ = {isa = PBXFileReference; lastKnownFileType = sourcecode.swift; path = AlgoTests.swift; sourceTree = "<group>"; };
		674363F41D0E7D0B00AC4D5A /* Info.plist */ = {isa = PBXFileReference; lastKnownFileType = text.plist.xml; path = Info.plist; sourceTree = "<group>"; };
		674363F91D0E7D0B00AC4D5A /* AlgoUITests.xctest */ = {isa = PBXFileReference; explicitFileType = wrapper.cfbundle; includeInIndex = 0; path = AlgoUITests.xctest; sourceTree = BUILT_PRODUCTS_DIR; };
		674363FD1D0E7D0B00AC4D5A /* AlgoUITests.swift */ = {isa = PBXFileReference; lastKnownFileType = sourcecode.swift; path = AlgoUITests.swift; sourceTree = "<group>"; };
		674363FF1D0E7D0C00AC4D5A /* Info.plist */ = {isa = PBXFileReference; lastKnownFileType = text.plist.xml; path = Info.plist; sourceTree = "<group>"; };
/* End PBXFileReference section */

/* Begin PBXFrameworksBuildPhase section */
		674363D41D0E7D0B00AC4D5A /* Frameworks */ = {
			isa = PBXFrameworksBuildPhase;
			buildActionMask = 2147483647;
			files = (
			);
			runOnlyForDeploymentPostprocessing = 0;
		};
		674363EB1D0E7D0B00AC4D5A /* Frameworks */ = {
			isa = PBXFrameworksBuildPhase;
			buildActionMask = 2147483647;
			files = (
			);
			runOnlyForDeploymentPostprocessing = 0;
		};
		674363F61D0E7D0B00AC4D5A /* Frameworks */ = {
			isa = PBXFrameworksBuildPhase;
			buildActionMask = 2147483647;
			files = (
			);
			runOnlyForDeploymentPostprocessing = 0;
		};
/* End PBXFrameworksBuildPhase section */

/* Begin PBXGroup section */
		674363CE1D0E7D0B00AC4D5A = {
			isa = PBXGroup;
			children = (
				674363D91D0E7D0B00AC4D5A /* Algo */,
				674363F11D0E7D0B00AC4D5A /* AlgoTests */,
				674363FC1D0E7D0B00AC4D5A /* AlgoUITests */,
				674363D81D0E7D0B00AC4D5A /* Products */,
			);
			sourceTree = "<group>";
		};
		674363D81D0E7D0B00AC4D5A /* Products */ = {
			isa = PBXGroup;
			children = (
				674363D71D0E7D0B00AC4D5A /* Algo.app */,
				674363EE1D0E7D0B00AC4D5A /* AlgoTests.xctest */,
				674363F91D0E7D0B00AC4D5A /* AlgoUITests.xctest */,
			);
			name = Products;
			sourceTree = "<group>";
		};
		674363D91D0E7D0B00AC4D5A /* Algo */ = {
			isa = PBXGroup;
			children = (
				674363DA1D0E7D0B00AC4D5A /* AppDelegate.swift */,
				674363DC1D0E7D0B00AC4D5A /* ViewController.swift */,
				674363DE1D0E7D0B00AC4D5A /* Main.storyboard */,
				674363E41D0E7D0B00AC4D5A /* Assets.xcassets */,
				674363E61D0E7D0B00AC4D5A /* LaunchScreen.storyboard */,
				674363E91D0E7D0B00AC4D5A /* Info.plist */,
				674363E11D0E7D0B00AC4D5A /* Algo.xcdatamodeld */,
			);
			path = Algo;
			sourceTree = "<group>";
		};
		674363F11D0E7D0B00AC4D5A /* AlgoTests */ = {
			isa = PBXGroup;
			children = (
				674363F21D0E7D0B00AC4D5A /* AlgoTests.swift */,
				674363F41D0E7D0B00AC4D5A /* Info.plist */,
			);
			path = AlgoTests;
			sourceTree = "<group>";
		};
		674363FC1D0E7D0B00AC4D5A /* AlgoUITests */ = {
			isa = PBXGroup;
			children = (
				674363FD1D0E7D0B00AC4D5A /* AlgoUITests.swift */,
				674363FF1D0E7D0C00AC4D5A /* Info.plist */,
			);
			path = AlgoUITests;
			sourceTree = "<group>";
		};
/* End PBXGroup section */

/* Begin PBXNativeTarget section */
		674363D61D0E7D0B00AC4D5A /* Algo */ = {
			isa = PBXNativeTarget;
			buildConfigurationList = 674364021D0E7D0C00AC4D5A /* Build configuration list for PBXNativeTarget "Algo" */;
			buildPhases = (
				674363D31D0E7D0B00AC4D5A /* Sources */,
				674363D41D0E7D0B00AC4D5A /* Frameworks */,
				674363D51D0E7D0B00AC4D5A /* Resources */,
			);
			buildRules = (
			);
			dependencies = (
			);
			name = Algo;
			productName = Algo;
			productReference = 674363D71D0E7D0B00AC4D5A /* Algo.app */;
			productType = "com.apple.product-type.application";
		};
		674363ED1D0E7D0B00AC4D5A /* AlgoTests */ = {
			isa = PBXNativeTarget;
			buildConfigurationList = 674364051D0E7D0C00AC4D5A /* Build configuration list for PBXNativeTarget "AlgoTests" */;
			buildPhases = (
				674363EA1D0E7D0B00AC4D5A /* Sources */,
				674363EB1D0E7D0B00AC4D5A /* Frameworks */,
				674363EC1D0E7D0B00AC4D5A /* Resources */,
			);
			buildRules = (
			);
			dependencies = (
				674363F01D0E7D0B00AC4D5A /* PBXTargetDependency */,
			);
			name = AlgoTests;
			productName = AlgoTests;
			productReference = 674363EE1D0E7D0B00AC4D5A /* AlgoTests.xctest */;
			productType = "com.apple.product-type.bundle.unit-test";
		};
		674363F81D0E7D0B00AC4D5A /* AlgoUITests */ = {
			isa = PBXNativeTarget;
			buildConfigurationList = 674364081D0E7D0C00AC4D5A /* Build configuration list for PBXNativeTarget "AlgoUITests" */;
			buildPhases = (
				674363F51D0E7D0B00AC4D5A /* Sources */,
				674363F61D0E7D0B00AC4D5A /* Frameworks */,
				674363F71D0E7D0B00AC4D5A /* Resources */,
			);
			buildRules = (
			);
			dependencies = (
				674363FB1D0E7D0B00AC4D5A /* PBXTargetDependency */,
			);
			name = AlgoUITests;
			productName = AlgoUITests;
			productReference = 674363F91D0E7D0B00AC4D5A /* AlgoUITests.xctest */;
			productType = "com.apple.product-type.bundle.ui-testing";
		};
/* End PBXNativeTarget section */

/* Begin PBXProject section */
		674363CF1D0E7D0B00AC4D5A /* Project object */ = {
			isa = PBXProject;
			attributes = {
				LastSwiftUpdateCheck = 0730;
				LastUpgradeCheck = 0730;
				ORGANIZATIONNAME = QSS;
				TargetAttributes = {
					674363D61D0E7D0B00AC4D5A = {
						CreatedOnToolsVersion = 7.3.1;
					};
					674363ED1D0E7D0B00AC4D5A = {
						CreatedOnToolsVersion = 7.3.1;
						TestTargetID = 674363D61D0E7D0B00AC4D5A;
					};
					674363F81D0E7D0B00AC4D5A = {
						CreatedOnToolsVersion = 7.3.1;
						TestTargetID = 674363D61D0E7D0B00AC4D5A;
					};
				};
			};
			buildConfigurationList = 674363D21D0E7D0B00AC4D5A /* Build configuration list for PBXProject "Algo" */;
			compatibilityVersion = "Xcode 3.2";
			developmentRegion = English;
			hasScannedForEncodings = 0;
			knownRegions = (
				en,
				Base,
			);
			mainGroup = 674363CE1D0E7D0B00AC4D5A;
			productRefGroup = 674363D81D0E7D0B00AC4D5A /* Products */;
			projectDirPath = "";
			projectRoot = "";
			targets = (
				674363D61D0E7D0B00AC4D5A /* Algo */,
				674363ED1D0E7D0B00AC4D5A /* AlgoTests */,
				674363F81D0E7D0B00AC4D5A /* AlgoUITests */,
			);
		};
/* End PBXProject section */

/* Begin PBXResourcesBuildPhase section */
		674363D51D0E7D0B00AC4D5A /* Resources */ = {
			isa = PBXResourcesBuildPhase;
			buildActionMask = 2147483647;
			files = (
				674363E81D0E7D0B00AC4D5A /* LaunchScreen.storyboard in Resources */,
				674363E51D0E7D0B00AC4D5A /* Assets.xcassets in Resources */,
				674363E01D0E7D0B00AC4D5A /* Main.storyboard in Resources */,
			);
			runOnlyForDeploymentPostprocessing = 0;
		};
		674363EC1D0E7D0B00AC4D5A /* Resources */ = {
			isa = PBXResourcesBuildPhase;
			buildActionMask = 2147483647;
			files = (
			);
			runOnlyForDeploymentPostprocessing = 0;
		};
		674363F71D0E7D0B00AC4D5A /* Resources */ = {
			isa = PBXResourcesBuildPhase;
			buildActionMask = 2147483647;
			files = (
			);
			runOnlyForDeploymentPostprocessing = 0;
		};
/* End PBXResourcesBuildPhase section */

/* Begin PBXSourcesBuildPhase section */
		674363D31D0E7D0B00AC4D5A /* Sources */ = {
			isa = PBXSourcesBuildPhase;
			buildActionMask = 2147483647;
			files = (
				674363DD1D0E7D0B00AC4D5A /* ViewController.swift in Sources */,
				674363DB1D0E7D0B00AC4D5A /* AppDelegate.swift in Sources */,
				674363E31D0E7D0B00AC4D5A /* Algo.xcdatamodeld in Sources */,
			);
			runOnlyForDeploymentPostprocessing = 0;
		};
		674363EA1D0E7D0B00AC4D5A /* Sources */ = {
			isa = PBXSourcesBuildPhase;
			buildActionMask = 2147483647;
			files = (
				674363F31D0E7D0B00AC4D5A /* AlgoTests.swift in Sources */,
			);
			runOnlyForDeploymentPostprocessing = 0;
		};
		674363F51D0E7D0B00AC4D5A /* Sources */ = {
			isa = PBXSourcesBuildPhase;
			buildActionMask = 2147483647;
			files = (
				674363FE1D0E7D0B00AC4D5A /* AlgoUITests.swift in Sources */,
			);
			runOnlyForDeploymentPostprocessing = 0;
		};
/* End PBXSourcesBuildPhase section */

/* Begin PBXTargetDependency section */
		674363F01D0E7D0B00AC4D5A /* PBXTargetDependency */ = {
			isa = PBXTargetDependency;
			target = 674363D61D0E7D0B00AC4D5A /* Algo */;
			targetProxy = 674363EF1D0E7D0B00AC4D5A /* PBXContainerItemProxy */;
		};
		674363FB1D0E7D0B00AC4D5A /* PBXTargetDependency */ = {
			isa = PBXTargetDependency;
			target = 674363D61D0E7D0B00AC4D5A /* Algo */;
			targetProxy = 674363FA1D0E7D0B00AC4D5A /* PBXContainerItemProxy */;
		};
/* End PBXTargetDependency section */

/* Begin PBXVariantGroup section */
		674363DE1D0E7D0B00AC4D5A /* Main.storyboard */ = {
			isa = PBXVariantGroup;
			children = (
				674363DF1D0E7D0B00AC4D5A /* Base */,
			);
			name = Main.storyboard;
			sourceTree = "<group>";
		};
		674363E61D0E7D0B00AC4D5A /* LaunchScreen.storyboard */ = {
			isa = PBXVariantGroup;
			children = (
				674363E71D0E7D0B00AC4D5A /* Base */,
			);
			name = LaunchScreen.storyboard;
			sourceTree = "<group>";
		};
/* End PBXVariantGroup section */

/* Begin XCBuildConfiguration section */
		674364001D0E7D0C00AC4D5A /* Debug */ = {
			isa = XCBuildConfiguration;
			buildSettings = {
				ALWAYS_SEARCH_USER_PATHS = NO;
				CLANG_ANALYZER_NONNULL = YES;
				CLANG_CXX_LANGUAGE_STANDARD = "gnu++0x";
				CLANG_CXX_LIBRARY = "libc++";
				CLANG_ENABLE_MODULES = YES;
				CLANG_ENABLE_OBJC_ARC = YES;
				CLANG_WARN_BOOL_CONVERSION = YES;
				CLANG_WARN_CONSTANT_CONVERSION = YES;
				CLANG_WARN_DIRECT_OBJC_ISA_USAGE = YES_ERROR;
				CLANG_WARN_EMPTY_BODY = YES;
				CLANG_WARN_ENUM_CONVERSION = YES;
				CLANG_WARN_INT_CONVERSION = YES;
				CLANG_WARN_OBJC_ROOT_CLASS = YES_ERROR;
				CLANG_WARN_UNREACHABLE_CODE = YES;
				CLANG_WARN__DUPLICATE_METHOD_MATCH = YES;
				"CODE_SIGN_IDENTITY[sdk=iphoneos*]" = "iPhone Developer";
				COPY_PHASE_STRIP = NO;
				DEBUG_INFORMATION_FORMAT = dwarf;
				ENABLE_STRICT_OBJC_MSGSEND = YES;
				ENABLE_TESTABILITY = YES;
				GCC_C_LANGUAGE_STANDARD = gnu99;
				GCC_DYNAMIC_NO_PIC = NO;
				GCC_NO_COMMON_BLOCKS = YES;
				GCC_OPTIMIZATION_LEVEL = 0;
				GCC_PREPROCESSOR_DEFINITIONS = (
					"DEBUG=1",
					"$(inherited)",
				);
				GCC_WARN_64_TO_32_BIT_CONVERSION = YES;
				GCC_WARN_ABOUT_RETURN_TYPE = YES_ERROR;
				GCC_WARN_UNDECLARED_SELECTOR = YES;
				GCC_WARN_UNINITIALIZED_AUTOS = YES_AGGRESSIVE;
				GCC_WARN_UNUSED_FUNCTION = YES;
				GCC_WARN_UNUSED_VARIABLE = YES;
				IPHONEOS_DEPLOYMENT_TARGET = 9.3;
				MTL_ENABLE_DEBUG_INFO = YES;
				ONLY_ACTIVE_ARCH = YES;
				SDKROOT = iphoneos;
				SWIFT_OPTIMIZATION_LEVEL = "-Onone";
			};
			name = Debug;
		};
		674364011D0E7D0C00AC4D5A /* Release */ = {
			isa = XCBuildConfiguration;
			buildSettings = {
				ALWAYS_SEARCH_USER_PATHS = NO;
				CLANG_ANALYZER_NONNULL = YES;
				CLANG_CXX_LANGUAGE_STANDARD = "gnu++0x";
				CLANG_CXX_LIBRARY = "libc++";
				CLANG_ENABLE_MODULES = YES;
				CLANG_ENABLE_OBJC_ARC = YES;
				CLANG_WARN_BOOL_CONVERSION = YES;
				CLANG_WARN_CONSTANT_CONVERSION = YES;
				CLANG_WARN_DIRECT_OBJC_ISA_USAGE = YES_ERROR;
				CLANG_WARN_EMPTY_BODY = YES;
				CLANG_WARN_ENUM_CONVERSION = YES;
				CLANG_WARN_INT_CONVERSION = YES;
				CLANG_WARN_OBJC_ROOT_CLASS = YES_ERROR;
				CLANG_WARN_UNREACHABLE_CODE = YES;
				CLANG_WARN__DUPLICATE_METHOD_MATCH = YES;
				"CODE_SIGN_IDENTITY[sdk=iphoneos*]" = "iPhone Developer";
				COPY_PHASE_STRIP = NO;
				DEBUG_INFORMATION_FORMAT = "dwarf-with-dsym";
				ENABLE_NS_ASSERTIONS = NO;
				ENABLE_STRICT_OBJC_MSGSEND = YES;
				GCC_C_LANGUAGE_STANDARD = gnu99;
				GCC_NO_COMMON_BLOCKS = YES;
				GCC_WARN_64_TO_32_BIT_CONVERSION = YES;
				GCC_WARN_ABOUT_RETURN_TYPE = YES_ERROR;
				GCC_WARN_UNDECLARED_SELECTOR = YES;
				GCC_WARN_UNINITIALIZED_AUTOS = YES_AGGRESSIVE;
				GCC_WARN_UNUSED_FUNCTION = YES;
				GCC_WARN_UNUSED_VARIABLE = YES;
				IPHONEOS_DEPLOYMENT_TARGET = 9.3;
				MTL_ENABLE_DEBUG_INFO = NO;
				SDKROOT = iphoneos;
				VALIDATE_PRODUCT = YES;
			};
			name = Release;
		};
		674364031D0E7D0C00AC4D5A /* Debug */ = {
			isa = XCBuildConfiguration;
			buildSettings = {
				ASSETCATALOG_COMPILER_APPICON_NAME = AppIcon;
				INFOPLIST_FILE = Algo/Info.plist;
				LD_RUNPATH_SEARCH_PATHS = "$(inherited) @executable_path/Frameworks";
				PRODUCT_BUNDLE_IDENTIFIER = com.Algo;
				PRODUCT_NAME = "$(TARGET_NAME)";
			};
			name = Debug;
		};
		674364041D0E7D0C00AC4D5A /* Release */ = {
			isa = XCBuildConfiguration;
			buildSettings = {
				ASSETCATALOG_COMPILER_APPICON_NAME = AppIcon;
				INFOPLIST_FILE = Algo/Info.plist;
				LD_RUNPATH_SEARCH_PATHS = "$(inherited) @executable_path/Frameworks";
				PRODUCT_BUNDLE_IDENTIFIER = com.Algo;
				PRODUCT_NAME = "$(TARGET_NAME)";
			};
			name = Release;
		};
		674364061D0E7D0C00AC4D5A /* Debug */ = {
			isa = XCBuildConfiguration;
			buildSettings = {
				BUNDLE_LOADER = "$(TEST_HOST)";
				INFOPLIST_FILE = AlgoTests/Info.plist;
				LD_RUNPATH_SEARCH_PATHS = "$(inherited) @executable_path/Frameworks @loader_path/Frameworks";
				PRODUCT_BUNDLE_IDENTIFIER = com.AlgoTests;
				PRODUCT_NAME = "$(TARGET_NAME)";
				TEST_HOST = "$(BUILT_PRODUCTS_DIR)/Algo.app/Algo";
			};
			name = Debug;
		};
		674364071D0E7D0C00AC4D5A /* Release */ = {
			isa = XCBuildConfiguration;
			buildSettings = {
				BUNDLE_LOADER = "$(TEST_HOST)";
				INFOPLIST_FILE = AlgoTests/Info.plist;
				LD_RUNPATH_SEARCH_PATHS = "$(inherited) @executable_path/Frameworks @loader_path/Frameworks";
				PRODUCT_BUNDLE_IDENTIFIER = com.AlgoTests;
				PRODUCT_NAME = "$(TARGET_NAME)";
				TEST_HOST = "$(BUILT_PRODUCTS_DIR)/Algo.app/Algo";
			};
			name = Release;
		};
		674364091D0E7D0C00AC4D5A /* Debug */ = {
			isa = XCBuildConfiguration;
			buildSettings = {
				INFOPLIST_FILE = AlgoUITests/Info.plist;
				LD_RUNPATH_SEARCH_PATHS = "$(inherited) @executable_path/Frameworks @loader_path/Frameworks";
				PRODUCT_BUNDLE_IDENTIFIER = com.AlgoUITests;
				PRODUCT_NAME = "$(TARGET_NAME)";
				TEST_TARGET_NAME = Algo;
			};
			name = Debug;
		};
		6743640A1D0E7D0C00AC4D5A /* Release */ = {
			isa = XCBuildConfiguration;
			buildSettings = {
				INFOPLIST_FILE = AlgoUITests/Info.plist;
				LD_RUNPATH_SEARCH_PATHS = "$(inherited) @executable_path/Frameworks @loader_path/Frameworks";
				PRODUCT_BUNDLE_IDENTIFIER = com.AlgoUITests;
				PRODUCT_NAME = "$(TARGET_NAME)";
				TEST_TARGET_NAME = Algo;
			};
			name = Release;
		};
/* End XCBuildConfiguration section */

/* Begin XCConfigurationList section */
		674363D21D0E7D0B00AC4D5A /* Build configuration list for PBXProject "Algo" */ = {
			isa = XCConfigurationList;
			buildConfigurations = (
				674364001D0E7D0C00AC4D5A /* Debug */,
				674364011D0E7D0C00AC4D5A /* Release */,
			);
			defaultConfigurationIsVisible = 0;
			defaultConfigurationName = Release;
		};
		674364021D0E7D0C00AC4D5A /* Build configuration list for PBXNativeTarget "Algo" */ = {
			isa = XCConfigurationList;
			buildConfigurations = (
				674364031D0E7D0C00AC4D5A /* Debug */,
				674364041D0E7D0C00AC4D5A /* Release */,
			);
			defaultConfigurationIsVisible = 0;
		};
		674364051D0E7D0C00AC4D5A /* Build configuration list for PBXNativeTarget "AlgoTests" */ = {
			isa = XCConfigurationList;
			buildConfigurations = (
				674364061D0E7D0C00AC4D5A /* Debug */,
				674364071D0E7D0C00AC4D5A /* Release */,
			);
			defaultConfigurationIsVisible = 0;
		};
		674364081D0E7D0C00AC4D5A /* Build configuration list for PBXNativeTarget "AlgoUITests" */ = {
			isa = XCConfigurationList;
			buildConfigurations = (
				674364091D0E7D0C00AC4D5A /* Debug */,
				6743640A1D0E7D0C00AC4D5A /* Release */,
			);
			defaultConfigurationIsVisible = 0;
		};
/* End XCConfigurationList section */

/* Begin XCVersionGroup section */
		674363E11D0E7D0B00AC4D5A /* Algo.xcdatamodeld */ = {
			isa = XCVersionGroup;
			children = (
				674363E21D0E7D0B00AC4D5A /* Algo.xcdatamodel */,
			);
			currentVersion = 674363E21D0E7D0B00AC4D5A /* Algo.xcdatamodel */;
			path = Algo.xcdatamodeld;
			sourceTree = "<group>";
			versionGroupType = wrapper.xcdatamodel;
		};
/* End XCVersionGroup section */
	};
	rootObject = 674363CF1D0E7D0B00AC4D5A /* Project object */;
}
